<?xml version="1.0" encoding="utf-8"?>
<Project ToolsVersion="4.0" xmlns="http://schemas.microsoft.com/developer/msbuild/2003">
  <ItemGroup>
    <ClCompile Include="AnimalsFinder.cpp">
      <Filter>Source Files</Filter>
    </ClCompile>
    <ClCompile Include="ColorRgba.cpp">
      <Filter>Source Files</Filter>
    </ClCompile>
    <ClCompile Include="DrawUtils.cpp">
      <Filter>Source Files</Filter>
    </ClCompile>
    <ClCompile Include="IniOptions.cpp">
      <Filter>Source Files</Filter>
    </ClCompile>
    <ClCompile Include="Keyboard.cpp">
      <Filter>Source Files</Filter>
    </ClCompile>
    <ClCompile Include="main.cpp">
      <Filter>Source Files</Filter>
    </ClCompile>
    <ClCompile Include="ScriptMenu.cpp">
      <Filter>Source Files</Filter>
    </ClCompile>
    <ClCompile Include="..\external\SimpleIni\src\ConvertUTF.c">
      <Filter>SimpleIni Files</Filter>
    </ClCompile>
  </ItemGroup>
  <ItemGroup>
    <ClInclude Include="include\AnimalsFinder\AnimalsFinder.h">
      <Filter>Header Files</Filter>
    </ClInclude>
    <ClInclude Include="include\AnimalsFinder\ColorRgba.h">
      <Filter>Header Files</Filter>
    </ClInclude>
    <ClInclude Include="include\AnimalsFinder\DrawUtils.h">
      <Filter>Header Files</Filter>
    </ClInclude>
    <ClInclude Include="include\AnimalsFinder\IniOptions.h">
      <Filter>Header Files</Filter>
    </ClInclude>
    <ClInclude Include="include\AnimalsFinder\Keyboard.h">
      <Filter>Header Files</Filter>
    </ClInclude>
    <ClInclude Include="include\AnimalsFinder\ScriptMenu.h">
      <Filter>Header Files</Filter>
    </ClInclude>
    <ClInclude Include="include\AnimalsFinder\NamesInfo.h">
      <Filter>Header Files</Filter>
    </ClInclude>
    <ClInclude Include="..\external\SimpleIni\include\SimpleIni\ConvertUTF.h">
      <Filter>SimpleIni Files</Filter>
    </ClInclude>
    <ClInclude Include="..\external\SimpleIni\include\SimpleIni\SimpleIni.h">
      <Filter>SimpleIni Files</Filter>
    </ClInclude>
  </ItemGroup>
  <ItemGroup>
    <Filter Include="Source Files">
      <UniqueIdentifier>{ffe2c876-caf1-4247-8058-297f1fd5713e}</UniqueIdentifier>
      <Extensions>cpp;c;cc;cxx;def;odl;idl;hpj;bat;asm;asmx</Extensions>
    </Filter>
    <Filter Include="Header Files">
      <UniqueIdentifier>{361a33ae-2127-4deb-87d7-2fc2a24def36}</UniqueIdentifier>
      <Extensions>h;hh;hpp;hxx;hm;inl;inc;ipp;xsd</Extensions>
    </Filter>
    <Filter Include="SimpleIni Files">
      <UniqueIdentifier>{f9ca9dbe-a71a-48b1-9d1a-29b0a71320f0}</UniqueIdentifier>
    </Filter>
  </ItemGroup>
</Project>