<?xml version="1.0" encoding="utf-8"?>
<Project ToolsVersion="4.0" xmlns="http://schemas.microsoft.com/developer/msbuild/2003">
  <ItemGroup>
    <ClCompile Include="AnimalFinder.cpp">
      <Filter>Source Files</Filter>
    </ClCompile>
    <ClCompile Include="ColorRgba.cpp">
      <Filter>Source Files</Filter>
    </ClCompile>
    <ClCompile Include="DrawUtils.cpp">
      <Filter>Source Files</Filter>
    </ClCompile>
    <ClCompile Include="IniOptions.cpp">
      <Filter>Source Files</Filter>
    </ClCompile>
    <ClCompile Include="Keyboard.cpp">
      <Filter>Source Files</Filter>
    </ClCompile>
    <ClCompile Include="main.cpp">
      <Filter>Source Files</Filter>
    </ClCompile>
    <ClCompile Include="..\external\SimpleIni\src\ConvertUTF.c">
      <Filter>SimpleIni Files</Filter>
    </ClCompile>
    <ClCompile Include="MenuBase.cpp">
      <Filter>Source Files</Filter>
    </ClCompile>
    <ClCompile Include="MenuItemBase.cpp">
      <Filter>Source Files</Filter>
    </ClCompile>
    <ClCompile Include="MenuItemTitle.cpp">
      <Filter>Source Files</Filter>
    </ClCompile>
    <ClCompile Include="MenuItemDefault.cpp">
      <Filter>Source Files</Filter>
    </ClCompile>
    <ClCompile Include="MenuItemMenu.cpp">
      <Filter>Source Files</Filter>
    </ClCompile>
    <ClCompile Include="MenuItemFlush.cpp">
      <Filter>Source Files</Filter>
    </ClCompile>
    <ClCompile Include="MenuItemAnimal.cpp">
      <Filter>Source Files</Filter>
    </ClCompile>
    <ClCompile Include="MenuInput.cpp">
      <Filter>Source Files</Filter>
    </ClCompile>
    <ClCompile Include="MenuController.cpp">
      <Filter>Source Files</Filter>
    </ClCompile>
  </ItemGroup>
  <ItemGroup>
    <ClInclude Include="include\AnimalTracker\AnimalFinder.h">
      <Filter>Header Files</Filter>
    </ClInclude>
    <ClInclude Include="include\AnimalTracker\ColorRgba.h">
      <Filter>Header Files</Filter>
    </ClInclude>
    <ClInclude Include="include\AnimalTracker\DrawUtils.h">
      <Filter>Header Files</Filter>
    </ClInclude>
    <ClInclude Include="include\AnimalTracker\IniOptions.h">
      <Filter>Header Files</Filter>
    </ClInclude>
    <ClInclude Include="include\AnimalTracker\Keyboard.h">
      <Filter>Header Files</Filter>
    </ClInclude>
    <ClInclude Include="include\AnimalTracker\NamesInfo.h">
      <Filter>Header Files</Filter>
    </ClInclude>
    <ClInclude Include="..\external\SimpleIni\include\SimpleIni\ConvertUTF.h">
      <Filter>SimpleIni Files</Filter>
    </ClInclude>
    <ClInclude Include="..\external\SimpleIni\include\SimpleIni\SimpleIni.h">
      <Filter>SimpleIni Files</Filter>
    </ClInclude>
    <ClInclude Include="include\AnimalTracker\MenuBase.h">
      <Filter>Header Files</Filter>
    </ClInclude>
    <ClInclude Include="include\AnimalTracker\MenuItemBase.h">
      <Filter>Header Files</Filter>
    </ClInclude>
    <ClInclude Include="include\AnimalTracker\IMenuItem.h">
      <Filter>Header Files</Filter>
    </ClInclude>
    <ClInclude Include="include\AnimalTracker\EMenuItemType.h">
      <Filter>Header Files</Filter>
    </ClInclude>
    <ClInclude Include="include\AnimalTracker\MenuItemTitle.h">
      <Filter>Header Files</Filter>
    </ClInclude>
    <ClInclude Include="include\AnimalTracker\MenuItemDefault.h">
      <Filter>Header Files</Filter>
    </ClInclude>
    <ClInclude Include="include\AnimalTracker\MenuItemMenu.h">
      <Filter>Header Files</Filter>
    </ClInclude>
    <ClInclude Include="include\AnimalTracker\MenuItemFlush.h">
      <Filter>Header Files</Filter>
    </ClInclude>
    <ClInclude Include="include\AnimalTracker\MenuItemAnimal.h">
      <Filter>Header Files</Filter>
    </ClInclude>
    <ClInclude Include="include\AnimalTracker\MenuInput.h">
      <Filter>Header Files</Filter>
    </ClInclude>
    <ClInclude Include="include\AnimalTracker\MenuController.h">
      <Filter>Header Files</Filter>
    </ClInclude>
  </ItemGroup>
  <ItemGroup>
    <Filter Include="Source Files">
      <UniqueIdentifier>{ffe2c876-caf1-4247-8058-297f1fd5713e}</UniqueIdentifier>
      <Extensions>cpp;c;cc;cxx;def;odl;idl;hpj;bat;asm;asmx</Extensions>
    </Filter>
    <Filter Include="Header Files">
      <UniqueIdentifier>{361a33ae-2127-4deb-87d7-2fc2a24def36}</UniqueIdentifier>
      <Extensions>h;hh;hpp;hxx;hm;inl;inc;ipp;xsd</Extensions>
    </Filter>
    <Filter Include="SimpleIni Files">
      <UniqueIdentifier>{f9ca9dbe-a71a-48b1-9d1a-29b0a71320f0}</UniqueIdentifier>
    </Filter>
  </ItemGroup>
</Project>